
Microsoft Visual Studio Solution File, Format Version 12.00
# Visual Studio Version 17
VisualStudioVersion = 17.13.35931.197 d17.13
MinimumVisualStudioVersion = 10.0.40219.1
Project("{FAE04EC0-301F-11D3-BF4B-00C04F79EFBC}") = "CurrencyManager", "CurrencyManager.csproj", "{D4FE8930-C930-2383-8B8B-EBDF2ED0B6E4}"
EndProject
Project("{FAE04EC0-301F-11D3-BF4B-00C04F79EFBC}") = "TestProject1", "..\TestProject1\TestProject1.csproj", "{5827B76E-6829-425A-B39D-E88A9730C6E3}"
EndProject
Global
	GlobalSection(SolutionConfigurationPlatforms) = preSolution
		Debug|Any CPU = Debug|Any CPU
		Release|Any CPU = Release|Any CPU
	EndGlobalSection
	GlobalSection(ProjectConfigurationPlatforms) = postSolution
		{D4FE8930-C930-2383-8B8B-EBDF2ED0B6E4}.Debug|Any CPU.ActiveCfg = Debug|Any CPU
		{D4FE8930-C930-2383-8B8B-EBDF2ED0B6E4}.Debug|Any CPU.Build.0 = Debug|Any CPU
		{D4FE8930-C930-2383-8B8B-EBDF2ED0B6E4}.Release|Any CPU.ActiveCfg = Release|Any CPU
		{D4FE8930-C930-2383-8B8B-EBDF2ED0B6E4}.Release|Any CPU.Build.0 = Release|Any CPU
		{5827B76E-6829-425A-B39D-E88A9730C6E3}.Debug|Any CPU.ActiveCfg = Debug|Any CPU
		{5827B76E-6829-425A-B39D-E88A9730C6E3}.Debug|Any CPU.Build.0 = Debug|Any CPU
		{5827B76E-6829-425A-B39D-E88A9730C6E3}.Release|Any CPU.ActiveCfg = Release|Any CPU
		{5827B76E-6829-425A-B39D-E88A9730C6E3}.Release|Any CPU.Build.0 = Release|Any CPU
	EndGlobalSection
	GlobalSection(SolutionProperties) = preSolution
		HideSolutionNode = FALSE
	EndGlobalSection
	GlobalSection(ExtensibilityGlobals) = postSolution
		SolutionGuid = {46DFC8D8-F18F-4D20-9D47-66E6B6836186}
	EndGlobalSection
EndGlobal
